
Microsoft Visual Studio Solution File, Format Version 12.00
# Visual Studio Version 17
VisualStudioVersion = 17.13.35828.75 d17.13
MinimumVisualStudioVersion = 10.0.40219.1
Project("{FAE04EC0-301F-11D3-BF4B-00C04F79EFBC}") = "CSC202Assign3.1", "CSC202Assign3.1\CSC202Assign3.1.csproj", "{1FF3A956-E7EE-4FEC-8CC9-8A05DF121BC3}"
EndProject
Global
	GlobalSection(SolutionConfigurationPlatforms) = preSolution
		Debug|Any CPU = Debug|Any CPU
		Release|Any CPU = Release|Any CPU
	EndGlobalSection
	GlobalSection(ProjectConfigurationPlatforms) = postSolution
		{1FF3A956-E7EE-4FEC-8CC9-8A05DF121BC3}.Debug|Any CPU.ActiveCfg = Debug|Any CPU
		{1FF3A956-E7EE-4FEC-8CC9-8A05DF121BC3}.Debug|Any CPU.Build.0 = Debug|Any CPU
		{1FF3A956-E7EE-4FEC-8CC9-8A05DF121BC3}.Release|Any CPU.ActiveCfg = Release|Any CPU
		{1FF3A956-E7EE-4FEC-8CC9-8A05DF121BC3}.Release|Any CPU.Build.0 = Release|Any CPU
	EndGlobalSection
	GlobalSection(SolutionProperties) = preSolution
		HideSolutionNode = FALSE
	EndGlobalSection
	GlobalSection(ExtensibilityGlobals) = postSolution
		SolutionGuid = {4727DE9F-99CF-425E-9C63-F98360F36F9E}
	EndGlobalSection
EndGlobal
